// !$*UTF8*$!
{
	archiveVersion = 1;
	classes = {
	};
	objectVersion = 46;
	objects = {

/* Begin PBXBuildFile section */
		4DFBFBB6192305B500E60463 /* Foundation.framework in Frameworks */ = {isa = PBXBuildFile; fileRef = 4DFBFBB5192305B500E60463 /* Foundation.framework */; };
		4DFBFBB8192305B500E60463 /* CoreGraphics.framework in Frameworks */ = {isa = PBXBuildFile; fileRef = 4DFBFBB7192305B500E60463 /* CoreGraphics.framework */; };
		4DFBFBBA192305B500E60463 /* UIKit.framework in Frameworks */ = {isa = PBXBuildFile; fileRef = 4DFBFBB9192305B500E60463 /* UIKit.framework */; };
		4DFBFBC0192305B500E60463 /* InfoPlist.strings in Resources */ = {isa = PBXBuildFile; fileRef = 4DFBFBBE192305B500E60463 /* InfoPlist.strings */; };
		4DFBFBC2192305B500E60463 /* main.m in Sources */ = {isa = PBXBuildFile; fileRef = 4DFBFBC1192305B500E60463 /* main.m */; };
		4DFBFBC6192305B500E60463 /* MEAAppDelegate.m in Sources */ = {isa = PBXBuildFile; fileRef = 4DFBFBC5192305B500E60463 /* MEAAppDelegate.m */; };
		4DFBFBC9192305B500E60463 /* Main.storyboard in Resources */ = {isa = PBXBuildFile; fileRef = 4DFBFBC7192305B500E60463 /* Main.storyboard */; };
		4DFBFBCC192305B500E60463 /* MEAViewController.m in Sources */ = {isa = PBXBuildFile; fileRef = 4DFBFBCB192305B500E60463 /* MEAViewController.m */; };
		4DFBFBCE192305B500E60463 /* Images.xcassets in Resources */ = {isa = PBXBuildFile; fileRef = 4DFBFBCD192305B500E60463 /* Images.xcassets */; };
		4DFBFBD5192305B500E60463 /* XCTest.framework in Frameworks */ = {isa = PBXBuildFile; fileRef = 4DFBFBD4192305B500E60463 /* XCTest.framework */; };
		4DFBFBD6192305B500E60463 /* Foundation.framework in Frameworks */ = {isa = PBXBuildFile; fileRef = 4DFBFBB5192305B500E60463 /* Foundation.framework */; };
		4DFBFBD7192305B500E60463 /* UIKit.framework in Frameworks */ = {isa = PBXBuildFile; fileRef = 4DFBFBB9192305B500E60463 /* UIKit.framework */; };
		4DFBFBDF192305B500E60463 /* InfoPlist.strings in Resources */ = {isa = PBXBuildFile; fileRef = 4DFBFBDD192305B500E60463 /* InfoPlist.strings */; };
		4DFBFBE1192305B500E60463 /* ShakeTests.m in Sources */ = {isa = PBXBuildFile; fileRef = 4DFBFBE0192305B500E60463 /* ShakeTests.m */; };
/* End PBXBuildFile section */

/* Begin PBXContainerItemProxy section */
		4DFBFBD8192305B500E60463 /* PBXContainerItemProxy */ = {
			isa = PBXContainerItemProxy;
			containerPortal = 4DFBFBAA192305B500E60463 /* Project object */;
			proxyType = 1;
			remoteGlobalIDString = 4DFBFBB1192305B500E60463;
			remoteInfo = Shake;
		};
/* End PBXContainerItemProxy section */

/* Begin PBXFileReference section */
		4DFBFBB2192305B500E60463 /* Shake.app */ = {isa = PBXFileReference; explicitFileType = wrapper.application; includeInIndex = 0; path = Shake.app; sourceTree = BUILT_PRODUCTS_DIR; };
		4DFBFBB5192305B500E60463 /* Foundation.framework */ = {isa = PBXFileReference; lastKnownFileType = wrapper.framework; name = Foundation.framework; path = System/Library/Frameworks/Foundation.framework; sourceTree = SDKROOT; };
		4DFBFBB7192305B500E60463 /* CoreGraphics.framework */ = {isa = PBXFileReference; lastKnownFileType = wrapper.framework; name = CoreGraphics.framework; path = System/Library/Frameworks/CoreGraphics.framework; sourceTree = SDKROOT; };
		4DFBFBB9192305B500E60463 /* UIKit.framework */ = {isa = PBXFileReference; lastKnownFileType = wrapper.framework; name = UIKit.framework; path = System/Library/Frameworks/UIKit.framework; sourceTree = SDKROOT; };
		4DFBFBBD192305B500E60463 /* Shake-Info.plist */ = {isa = PBXFileReference; lastKnownFileType = text.plist.xml; path = "Shake-Info.plist"; sourceTree = "<group>"; };
		4DFBFBBF192305B500E60463 /* en */ = {isa = PBXFileReference; lastKnownFileType = text.plist.strings; name = en; path = en.lproj/InfoPlist.strings; sourceTree = "<group>"; };
		4DFBFBC1192305B500E60463 /* main.m */ = {isa = PBXFileReference; lastKnownFileType = sourcecode.c.objc; path = main.m; sourceTree = "<group>"; };
		4DFBFBC3192305B500E60463 /* Shake-Prefix.pch */ = {isa = PBXFileReference; lastKnownFileType = sourcecode.c.h; path = "Shake-Prefix.pch"; sourceTree = "<group>"; };
		4DFBFBC4192305B500E60463 /* MEAAppDelegate.h */ = {isa = PBXFileReference; lastKnownFileType = sourcecode.c.h; path = MEAAppDelegate.h; sourceTree = "<group>"; };
		4DFBFBC5192305B500E60463 /* MEAAppDelegate.m */ = {isa = PBXFileReference; lastKnownFileType = sourcecode.c.objc; path = MEAAppDelegate.m; sourceTree = "<group>"; };
		4DFBFBC8192305B500E60463 /* Base */ = {isa = PBXFileReference; lastKnownFileType = file.storyboard; name = Base; path = Base.lproj/Main.storyboard; sourceTree = "<group>"; };
		4DFBFBCA192305B500E60463 /* MEAViewController.h */ = {isa = PBXFileReference; lastKnownFileType = sourcecode.c.h; path = MEAViewController.h; sourceTree = "<group>"; };
		4DFBFBCB192305B500E60463 /* MEAViewController.m */ = {isa = PBXFileReference; lastKnownFileType = sourcecode.c.objc; path = MEAViewController.m; sourceTree = "<group>"; };
		4DFBFBCD192305B500E60463 /* Images.xcassets */ = {isa = PBXFileReference; lastKnownFileType = folder.assetcatalog; path = Images.xcassets; sourceTree = "<group>"; };
		4DFBFBD3192305B500E60463 /* ShakeTests.xctest */ = {isa = PBXFileReference; explicitFileType = wrapper.cfbundle; includeInIndex = 0; path = ShakeTests.xctest; sourceTree = BUILT_PRODUCTS_DIR; };
		4DFBFBD4192305B500E60463 /* XCTest.framework */ = {isa = PBXFileReference; lastKnownFileType = wrapper.framework; name = XCTest.framework; path = Library/Frameworks/XCTest.framework; sourceTree = DEVELOPER_DIR; };
		4DFBFBDC192305B500E60463 /* ShakeTests-Info.plist */ = {isa = PBXFileReference; lastKnownFileType = text.plist.xml; path = "ShakeTests-Info.plist"; sourceTree = "<group>"; };
		4DFBFBDE192305B500E60463 /* en */ = {isa = PBXFileReference; lastKnownFileType = text.plist.strings; name = en; path = en.lproj/InfoPlist.strings; sourceTree = "<group>"; };
		4DFBFBE0192305B500E60463 /* ShakeTests.m */ = {isa = PBXFileReference; lastKnownFileType = sourcecode.c.objc; path = ShakeTests.m; sourceTree = "<group>"; };
/* End PBXFileReference section */

/* Begin PBXFrameworksBuildPhase section */
		4DFBFBAF192305B500E60463 /* Frameworks */ = {
			isa = PBXFrameworksBuildPhase;
			buildActionMask = 2147483647;
			files = (
				4DFBFBB8192305B500E60463 /* CoreGraphics.framework in Frameworks */,
				4DFBFBBA192305B500E60463 /* UIKit.framework in Frameworks */,
				4DFBFBB6192305B500E60463 /* Foundation.framework in Frameworks */,
			);
			runOnlyForDeploymentPostprocessing = 0;
		};
		4DFBFBD0192305B500E60463 /* Frameworks */ = {
			isa = PBXFrameworksBuildPhase;
			buildActionMask = 2147483647;
			files = (
				4DFBFBD5192305B500E60463 /* XCTest.framework in Frameworks */,
				4DFBFBD7192305B500E60463 /* UIKit.framework in Frameworks */,
				4DFBFBD6192305B500E60463 /* Foundation.framework in Frameworks */,
			);
			runOnlyForDeploymentPostprocessing = 0;
		};
/* End PBXFrameworksBuildPhase section */

/* Begin PBXGroup section */
		4DFBFBA9192305B500E60463 = {
			isa = PBXGroup;
			children = (
				4DFBFBBB192305B500E60463 /* Shake */,
				4DFBFBDA192305B500E60463 /* ShakeTests */,
				4DFBFBB4192305B500E60463 /* Frameworks */,
				4DFBFBB3192305B500E60463 /* Products */,
			);
			sourceTree = "<group>";
		};
		4DFBFBB3192305B500E60463 /* Products */ = {
			isa = PBXGroup;
			children = (
				4DFBFBB2192305B500E60463 /* Shake.app */,
				4DFBFBD3192305B500E60463 /* ShakeTests.xctest */,
			);
			name = Products;
			sourceTree = "<group>";
		};
		4DFBFBB4192305B500E60463 /* Frameworks */ = {
			isa = PBXGroup;
			children = (
				4DFBFBB5192305B500E60463 /* Foundation.framework */,
				4DFBFBB7192305B500E60463 /* CoreGraphics.framework */,
				4DFBFBB9192305B500E60463 /* UIKit.framework */,
				4DFBFBD4192305B500E60463 /* XCTest.framework */,
			);
			name = Frameworks;
			sourceTree = "<group>";
		};
		4DFBFBBB192305B500E60463 /* Shake */ = {
			isa = PBXGroup;
			children = (
				4DFBFBC4192305B500E60463 /* MEAAppDelegate.h */,
				4DFBFBC5192305B500E60463 /* MEAAppDelegate.m */,
				4DFBFBC7192305B500E60463 /* Main.storyboard */,
				4DFBFBCA192305B500E60463 /* MEAViewController.h */,
				4DFBFBCB192305B500E60463 /* MEAViewController.m */,
				4DFBFBCD192305B500E60463 /* Images.xcassets */,
				4DFBFBBC192305B500E60463 /* Supporting Files */,
			);
			path = Shake;
			sourceTree = "<group>";
		};
		4DFBFBBC192305B500E60463 /* Supporting Files */ = {
			isa = PBXGroup;
			children = (
				4DFBFBBD192305B500E60463 /* Shake-Info.plist */,
				4DFBFBBE192305B500E60463 /* InfoPlist.strings */,
				4DFBFBC1192305B500E60463 /* main.m */,
				4DFBFBC3192305B500E60463 /* Shake-Prefix.pch */,
			);
			name = "Supporting Files";
			sourceTree = "<group>";
		};
		4DFBFBDA192305B500E60463 /* ShakeTests */ = {
			isa = PBXGroup;
			children = (
				4DFBFBE0192305B500E60463 /* ShakeTests.m */,
				4DFBFBDB192305B500E60463 /* Supporting Files */,
			);
			path = ShakeTests;
			sourceTree = "<group>";
		};
		4DFBFBDB192305B500E60463 /* Supporting Files */ = {
			isa = PBXGroup;
			children = (
				4DFBFBDC192305B500E60463 /* ShakeTests-Info.plist */,
				4DFBFBDD192305B500E60463 /* InfoPlist.strings */,
			);
			name = "Supporting Files";
			sourceTree = "<group>";
		};
/* End PBXGroup section */

/* Begin PBXNativeTarget section */
		4DFBFBB1192305B500E60463 /* Shake */ = {
			isa = PBXNativeTarget;
			buildConfigurationList = 4DFBFBE4192305B500E60463 /* Build configuration list for PBXNativeTarget "Shake" */;
			buildPhases = (
				4DFBFBAE192305B500E60463 /* Sources */,
				4DFBFBAF192305B500E60463 /* Frameworks */,
				4DFBFBB0192305B500E60463 /* Resources */,
			);
			buildRules = (
			);
			dependencies = (
			);
			name = Shake;
			productName = Shake;
			productReference = 4DFBFBB2192305B500E60463 /* Shake.app */;
			productType = "com.apple.product-type.application";
		};
		4DFBFBD2192305B500E60463 /* ShakeTests */ = {
			isa = PBXNativeTarget;
			buildConfigurationList = 4DFBFBE7192305B500E60463 /* Build configuration list for PBXNativeTarget "ShakeTests" */;
			buildPhases = (
				4DFBFBCF192305B500E60463 /* Sources */,
				4DFBFBD0192305B500E60463 /* Frameworks */,
				4DFBFBD1192305B500E60463 /* Resources */,
			);
			buildRules = (
			);
			dependencies = (
				4DFBFBD9192305B500E60463 /* PBXTargetDependency */,
			);
			name = ShakeTests;
			productName = ShakeTests;
			productReference = 4DFBFBD3192305B500E60463 /* ShakeTests.xctest */;
			productType = "com.apple.product-type.bundle.unit-test";
		};
/* End PBXNativeTarget section */

/* Begin PBXProject section */
		4DFBFBAA192305B500E60463 /* Project object */ = {
			isa = PBXProject;
			attributes = {
				CLASSPREFIX = MEA;
				LastUpgradeCheck = 0510;
				ORGANIZATIONNAME = "Mark Adams";
				TargetAttributes = {
					4DFBFBD2192305B500E60463 = {
						TestTargetID = 4DFBFBB1192305B500E60463;
					};
				};
			};
			buildConfigurationList = 4DFBFBAD192305B500E60463 /* Build configuration list for PBXProject "Shake" */;
			compatibilityVersion = "Xcode 3.2";
			developmentRegion = English;
			hasScannedForEncodings = 0;
			knownRegions = (
				en,
				Base,
			);
			mainGroup = 4DFBFBA9192305B500E60463;
			productRefGroup = 4DFBFBB3192305B500E60463 /* Products */;
			projectDirPath = "";
			projectRoot = "";
			targets = (
				4DFBFBB1192305B500E60463 /* Shake */,
				4DFBFBD2192305B500E60463 /* ShakeTests */,
			);
		};
/* End PBXProject section */

/* Begin PBXResourcesBuildPhase section */
		4DFBFBB0192305B500E60463 /* Resources */ = {
			isa = PBXResourcesBuildPhase;
			buildActionMask = 2147483647;
			files = (
				4DFBFBCE192305B500E60463 /* Images.xcassets in Resources */,
				4DFBFBC0192305B500E60463 /* InfoPlist.strings in Resources */,
				4DFBFBC9192305B500E60463 /* Main.storyboard in Resources */,
			);
			runOnlyForDeploymentPostprocessing = 0;
		};
		4DFBFBD1192305B500E60463 /* Resources */ = {
			isa = PBXResourcesBuildPhase;
			buildActionMask = 2147483647;
			files = (
				4DFBFBDF192305B500E60463 /* InfoPlist.strings in Resources */,
			);
			runOnlyForDeploymentPostprocessing = 0;
		};
/* End PBXResourcesBuildPhase section */

/* Begin PBXSourcesBuildPhase section */
		4DFBFBAE192305B500E60463 /* Sources */ = {
			isa = PBXSourcesBuildPhase;
			buildActionMask = 2147483647;
			files = (
				4DFBFBC6192305B500E60463 /* MEAAppDelegate.m in Sources */,
				4DFBFBCC192305B500E60463 /* MEAViewController.m in Sources */,
				4DFBFBC2192305B500E60463 /* main.m in Sources */,
			);
			runOnlyForDeploymentPostprocessing = 0;
		};
		4DFBFBCF192305B500E60463 /* Sources */ = {
			isa = PBXSourcesBuildPhase;
			buildActionMask = 2147483647;
			files = (
				4DFBFBE1192305B500E60463 /* ShakeTests.m in Sources */,
			);
			runOnlyForDeploymentPostprocessing = 0;
		};
/* End PBXSourcesBuildPhase section */

/* Begin PBXTargetDependency section */
		4DFBFBD9192305B500E60463 /* PBXTargetDependency */ = {
			isa = PBXTargetDependency;
			target = 4DFBFBB1192305B500E60463 /* Shake */;
			targetProxy = 4DFBFBD8192305B500E60463 /* PBXContainerItemProxy */;
		};
/* End PBXTargetDependency section */

/* Begin PBXVariantGroup section */
		4DFBFBBE192305B500E60463 /* InfoPlist.strings */ = {
			isa = PBXVariantGroup;
			children = (
				4DFBFBBF192305B500E60463 /* en */,
			);
			name = InfoPlist.strings;
			sourceTree = "<group>";
		};
		4DFBFBC7192305B500E60463 /* Main.storyboard */ = {
			isa = PBXVariantGroup;
			children = (
				4DFBFBC8192305B500E60463 /* Base */,
			);
			name = Main.storyboard;
			sourceTree = "<group>";
		};
		4DFBFBDD192305B500E60463 /* InfoPlist.strings */ = {
			isa = PBXVariantGroup;
			children = (
				4DFBFBDE192305B500E60463 /* en */,
			);
			name = InfoPlist.strings;
			sourceTree = "<group>";
		};
/* End PBXVariantGroup section */

/* Begin XCBuildConfiguration section */
		4DFBFBE2192305B500E60463 /* Debug */ = {
			isa = XCBuildConfiguration;
			buildSettings = {
				ALWAYS_SEARCH_USER_PATHS = NO;
				CLANG_CXX_LANGUAGE_STANDARD = "gnu++0x";
				CLANG_CXX_LIBRARY = "libc++";
				CLANG_ENABLE_MODULES = YES;
				CLANG_ENABLE_OBJC_ARC = YES;
				CLANG_WARN_BOOL_CONVERSION = YES;
				CLANG_WARN_CONSTANT_CONVERSION = YES;
				CLANG_WARN_DIRECT_OBJC_ISA_USAGE = YES_ERROR;
				CLANG_WARN_EMPTY_BODY = YES;
				CLANG_WARN_ENUM_CONVERSION = YES;
				CLANG_WARN_INT_CONVERSION = YES;
				CLANG_WARN_OBJC_ROOT_CLASS = YES_ERROR;
				CLANG_WARN__DUPLICATE_METHOD_MATCH = YES;
				"CODE_SIGN_IDENTITY[sdk=iphoneos*]" = "iPhone Developer";
				COPY_PHASE_STRIP = NO;
				GCC_C_LANGUAGE_STANDARD = gnu99;
				GCC_DYNAMIC_NO_PIC = NO;
				GCC_OPTIMIZATION_LEVEL = 0;
				GCC_PREPROCESSOR_DEFINITIONS = (
					"DEBUG=1",
					"$(inherited)",
				);
				GCC_SYMBOLS_PRIVATE_EXTERN = NO;
				GCC_WARN_64_TO_32_BIT_CONVERSION = YES;
				GCC_WARN_ABOUT_RETURN_TYPE = YES_ERROR;
				GCC_WARN_UNDECLARED_SELECTOR = YES;
				GCC_WARN_UNINITIALIZED_AUTOS = YES_AGGRESSIVE;
				GCC_WARN_UNUSED_FUNCTION = YES;
				GCC_WARN_UNUSED_VARIABLE = YES;
				IPHONEOS_DEPLOYMENT_TARGET = 7.1;
				ONLY_ACTIVE_ARCH = YES;
				SDKROOT = iphoneos;
			};
			name = Debug;
		};
		4DFBFBE3192305B500E60463 /* Release */ = {
			isa = XCBuildConfiguration;
			buildSettings = {
				ALWAYS_SEARCH_USER_PATHS = NO;
				CLANG_CXX_LANGUAGE_STANDARD = "gnu++0x";
				CLANG_CXX_LIBRARY = "libc++";
				CLANG_ENABLE_MODULES = YES;
				CLANG_ENABLE_OBJC_ARC = YES;
				CLANG_WARN_BOOL_CONVERSION = YES;
				CLANG_WARN_CONSTANT_CONVERSION = YES;
				CLANG_WARN_DIRECT_OBJC_ISA_USAGE = YES_ERROR;
				CLANG_WARN_EMPTY_BODY = YES;
				CLANG_WARN_ENUM_CONVERSION = YES;
				CLANG_WARN_INT_CONVERSION = YES;
				CLANG_WARN_OBJC_ROOT_CLASS = YES_ERROR;
				CLANG_WARN__DUPLICATE_METHOD_MATCH = YES;
				"CODE_SIGN_IDENTITY[sdk=iphoneos*]" = "iPhone Developer";
				COPY_PHASE_STRIP = YES;
				ENABLE_NS_ASSERTIONS = NO;
				GCC_C_LANGUAGE_STANDARD = gnu99;
				GCC_WARN_64_TO_32_BIT_CONVERSION = YES;
				GCC_WARN_ABOUT_RETURN_TYPE = YES_ERROR;
				GCC_WARN_UNDECLARED_SELECTOR = YES;
				GCC_WARN_UNINITIALIZED_AUTOS = YES_AGGRESSIVE;
				GCC_WARN_UNUSED_FUNCTION = YES;
				GCC_WARN_UNUSED_VARIABLE = YES;
				IPHONEOS_DEPLOYMENT_TARGET = 7.1;
				SDKROOT = iphoneos;
				VALIDATE_PRODUCT = YES;
			};
			name = Release;
		};
		4DFBFBE5192305B500E60463 /* Debug */ = {
			isa = XCBuildConfiguration;
			buildSettings = {
				ASSETCATALOG_COMPILER_APPICON_NAME = AppIcon;
				ASSETCATALOG_COMPILER_LAUNCHIMAGE_NAME = LaunchImage;
				GCC_PRECOMPILE_PREFIX_HEADER = YES;
				GCC_PREFIX_HEADER = "Shake/Shake-Prefix.pch";
				INFOPLIST_FILE = "Shake/Shake-Info.plist";
				PRODUCT_NAME = "$(TARGET_NAME)";
				WRAPPER_EXTENSION = app;
			};
			name = Debug;
		};
		4DFBFBE6192305B500E60463 /* Release */ = {
			isa = XCBuildConfiguration;
			buildSettings = {
				ASSETCATALOG_COMPILER_APPICON_NAME = AppIcon;
				ASSETCATALOG_COMPILER_LAUNCHIMAGE_NAME = LaunchImage;
				GCC_PRECOMPILE_PREFIX_HEADER = YES;
				GCC_PREFIX_HEADER = "Shake/Shake-Prefix.pch";
				INFOPLIST_FILE = "Shake/Shake-Info.plist";
				PRODUCT_NAME = "$(TARGET_NAME)";
				WRAPPER_EXTENSION = app;
			};
			name = Release;
		};
		4DFBFBE8192305B500E60463 /* Debug */ = {
			isa = XCBuildConfiguration;
			buildSettings = {
				BUNDLE_LOADER = "$(BUILT_PRODUCTS_DIR)/Shake.app/Shake";
				FRAMEWORK_SEARCH_PATHS = (
					"$(SDKROOT)/Developer/Library/Frameworks",
					"$(inherited)",
					"$(DEVELOPER_FRAMEWORKS_DIR)",
				);
				GCC_PRECOMPILE_PREFIX_HEADER = YES;
				GCC_PREFIX_HEADER = "Shake/Shake-Prefix.pch";
				GCC_PREPROCESSOR_DEFINITIONS = (
					"DEBUG=1",
					"$(inherited)",
				);
				INFOPLIST_FILE = "ShakeTests/ShakeTests-Info.plist";
				PRODUCT_NAME = "$(TARGET_NAME)";
				TEST_HOST = "$(BUNDLE_LOADER)";
				WRAPPER_EXTENSION = xctest;
			};
			name = Debug;
		};
		4DFBFBE9192305B500E60463 /* Release */ = {
			isa = XCBuildConfiguration;
			buildSettings = {
				BUNDLE_LOADER = "$(BUILT_PRODUCTS_DIR)/Shake.app/Shake";
				FRAMEWORK_SEARCH_PATHS = (
					"$(SDKROOT)/Developer/Library/Frameworks",
					"$(inherited)",
					"$(DEVELOPER_FRAMEWORKS_DIR)",
				);
				GCC_PRECOMPILE_PREFIX_HEADER = YES;
				GCC_PREFIX_HEADER = "Shake/Shake-Prefix.pch";
				INFOPLIST_FILE = "ShakeTests/ShakeTests-Info.plist";
				PRODUCT_NAME = "$(TARGET_NAME)";
				TEST_HOST = "$(BUNDLE_LOADER)";
				WRAPPER_EXTENSION = xctest;
			};
			name = Release;
		};
/* End XCBuildConfiguration section */

/* Begin XCConfigurationList section */
		4DFBFBAD192305B500E60463 /* Build configuration list for PBXProject "Shake" */ = {
			isa = XCConfigurationList;
			buildConfigurations = (
				4DFBFBE2192305B500E60463 /* Debug */,
				4DFBFBE3192305B500E60463 /* Release */,
			);
			defaultConfigurationIsVisible = 0;
			defaultConfigurationName = Release;
		};
		4DFBFBE4192305B500E60463 /* Build configuration list for PBXNativeTarget "Shake" */ = {
			isa = XCConfigurationList;
			buildConfigurations = (
				4DFBFBE5192305B500E60463 /* Debug */,
				4DFBFBE6192305B500E60463 /* Release */,
			);
			defaultConfigurationIsVisible = 0;
		};
		4DFBFBE7192305B500E60463 /* Build configuration list for PBXNativeTarget "ShakeTests" */ = {
			isa = XCConfigurationList;
			buildConfigurations = (
				4DFBFBE8192305B500E60463 /* Debug */,
				4DFBFBE9192305B500E60463 /* Release */,
			);
			defaultConfigurationIsVisible = 0;
		};
/* End XCConfigurationList section */
	};
	rootObject = 4DFBFBAA192305B500E60463 /* Project object */;
}
